
Microsoft Visual Studio Solution File, Format Version 12.00
# Visual Studio Version 17
VisualStudioVersion = 17.11.35327.3
MinimumVisualStudioVersion = 10.0.40219.1
Project("{FAE04EC0-301F-11D3-BF4B-00C04F79EFBC}") = "Spacewar", "Spacewar.csproj", "{9AA32143-FE20-4737-AFCE-1AEC7D61B740}"
EndProject
Global
	GlobalSection(SolutionConfigurationPlatforms) = preSolution
		Debug|Any CPU = Debug|Any CPU
		Release|Any CPU = Release|Any CPU
	EndGlobalSection
	GlobalSection(ProjectConfigurationPlatforms) = postSolution
		{9AA32143-FE20-4737-AFCE-1AEC7D61B740}.Debug|Any CPU.ActiveCfg = Debug|Any CPU
		{9AA32143-FE20-4737-AFCE-1AEC7D61B740}.Debug|Any CPU.Build.0 = Debug|Any CPU
		{9AA32143-FE20-4737-AFCE-1AEC7D61B740}.Release|Any CPU.ActiveCfg = Release|Any CPU
		{9AA32143-FE20-4737-AFCE-1AEC7D61B740}.Release|Any CPU.Build.0 = Release|Any CPU
	EndGlobalSection
	GlobalSection(SolutionProperties) = preSolution
		HideSolutionNode = FALSE
	EndGlobalSection
	GlobalSection(ExtensibilityGlobals) = postSolution
		SolutionGuid = {D53788ED-9CD2-4553-8B15-84FD2AF388CC}
	EndGlobalSection
EndGlobal
